# This file is automatically @generated by Cargo.
# It is not intended for manual editing.
version = 3

[[package]]
name = "mycel-cli"
version = "0.1.0"
dependencies = [
 "mycel-core",
 "mycel-sim",
]

[[package]]
name = "mycel-core"
version = "0.1.0"

[[package]]
name = "mycel-sim"
version = "0.1.0"
dependencies = [
 "mycel-core",
]
